
Microsoft Visual Studio Solution File, Format Version 12.00
# Visual Studio Version 16
VisualStudioVersion = 16.0.30406.217
MinimumVisualStudioVersion = 10.0.40219.1
Project("{9A19103F-16F7-4668-BE54-9A1E7A4F7556}") = "ASPCoreAppUsingMVC", "ASPCoreAppUsingMVC\ASPCoreAppUsingMVC.csproj", "{3D5D5022-52DC-439C-A9F7-2DD4AD016088}"
EndProject
Project("{9A19103F-16F7-4668-BE54-9A1E7A4F7556}") = "ASPCoreAppUsingRazor", "ASPCoreAppUsingRazor\ASPCoreAppUsingRazor.csproj", "{AEFD6BD5-7345-4D2E-96E3-1509AF26B8F5}"
EndProject
Project("{9A19103F-16F7-4668-BE54-9A1E7A4F7556}") = "DefaultCoreApplication", "DefaultCoreApplication\DefaultCoreApplication.csproj", "{7E9CC2AE-A697-4DAB-95B0-4037A4A7A13C}"
EndProject
Project("{FAE04EC0-301F-11D3-BF4B-00C04F79EFBC}") = "WebMVCAPP", "WebMVCAPP\WebMVCAPP.csproj", "{F4CB965C-6242-46D0-B852-95560A7FA100}"
EndProject
Project("{9A19103F-16F7-4668-BE54-9A1E7A4F7556}") = "ASPCoreWebAPPIdentityEx", "ASPCoreWebAPPIdentityEx\ASPCoreWebAPPIdentityEx.csproj", "{B31917C9-B4FF-41E4-8DA8-D686C0DB4D1F}"
EndProject
Project("{9A19103F-16F7-4668-BE54-9A1E7A4F7556}") = "ASPWebAppIdentityEx2", "ASPWebAppIdentityEx2\ASPWebAppIdentityEx2.csproj", "{6C94D884-2F6D-41C7-9837-E11F74EE21AA}"
EndProject
Project("{9A19103F-16F7-4668-BE54-9A1E7A4F7556}") = "CookieBasedAuthExample", "CookieBasedAuthExample\CookieBasedAuthExample.csproj", "{E4C19325-6796-4CF9-8521-15942E329FEF}"
EndProject
Project("{FAE04EC0-301F-11D3-BF4B-00C04F79EFBC}") = "RoutingExampleWebApp", "RoutingExampleWebApp\RoutingExampleWebApp.csproj", "{B073F356-9856-4CF9-8050-7F9F4D6EA8C8}"
EndProject
Global
	GlobalSection(SolutionConfigurationPlatforms) = preSolution
		Debug|Any CPU = Debug|Any CPU
		Release|Any CPU = Release|Any CPU
	EndGlobalSection
	GlobalSection(ProjectConfigurationPlatforms) = postSolution
		{3D5D5022-52DC-439C-A9F7-2DD4AD016088}.Debug|Any CPU.ActiveCfg = Debug|Any CPU
		{3D5D5022-52DC-439C-A9F7-2DD4AD016088}.Debug|Any CPU.Build.0 = Debug|Any CPU
		{3D5D5022-52DC-439C-A9F7-2DD4AD016088}.Release|Any CPU.ActiveCfg = Release|Any CPU
		{3D5D5022-52DC-439C-A9F7-2DD4AD016088}.Release|Any CPU.Build.0 = Release|Any CPU
		{AEFD6BD5-7345-4D2E-96E3-1509AF26B8F5}.Debug|Any CPU.ActiveCfg = Debug|Any CPU
		{AEFD6BD5-7345-4D2E-96E3-1509AF26B8F5}.Debug|Any CPU.Build.0 = Debug|Any CPU
		{AEFD6BD5-7345-4D2E-96E3-1509AF26B8F5}.Release|Any CPU.ActiveCfg = Release|Any CPU
		{AEFD6BD5-7345-4D2E-96E3-1509AF26B8F5}.Release|Any CPU.Build.0 = Release|Any CPU
		{7E9CC2AE-A697-4DAB-95B0-4037A4A7A13C}.Debug|Any CPU.ActiveCfg = Debug|Any CPU
		{7E9CC2AE-A697-4DAB-95B0-4037A4A7A13C}.Debug|Any CPU.Build.0 = Debug|Any CPU
		{7E9CC2AE-A697-4DAB-95B0-4037A4A7A13C}.Release|Any CPU.ActiveCfg = Release|Any CPU
		{7E9CC2AE-A697-4DAB-95B0-4037A4A7A13C}.Release|Any CPU.Build.0 = Release|Any CPU
		{F4CB965C-6242-46D0-B852-95560A7FA100}.Debug|Any CPU.ActiveCfg = Debug|Any CPU
		{F4CB965C-6242-46D0-B852-95560A7FA100}.Debug|Any CPU.Build.0 = Debug|Any CPU
		{F4CB965C-6242-46D0-B852-95560A7FA100}.Release|Any CPU.ActiveCfg = Release|Any CPU
		{F4CB965C-6242-46D0-B852-95560A7FA100}.Release|Any CPU.Build.0 = Release|Any CPU
		{B31917C9-B4FF-41E4-8DA8-D686C0DB4D1F}.Debug|Any CPU.ActiveCfg = Debug|Any CPU
		{B31917C9-B4FF-41E4-8DA8-D686C0DB4D1F}.Debug|Any CPU.Build.0 = Debug|Any CPU
		{B31917C9-B4FF-41E4-8DA8-D686C0DB4D1F}.Release|Any CPU.ActiveCfg = Release|Any CPU
		{B31917C9-B4FF-41E4-8DA8-D686C0DB4D1F}.Release|Any CPU.Build.0 = Release|Any CPU
		{6C94D884-2F6D-41C7-9837-E11F74EE21AA}.Debug|Any CPU.ActiveCfg = Debug|Any CPU
		{6C94D884-2F6D-41C7-9837-E11F74EE21AA}.Debug|Any CPU.Build.0 = Debug|Any CPU
		{6C94D884-2F6D-41C7-9837-E11F74EE21AA}.Release|Any CPU.ActiveCfg = Release|Any CPU
		{6C94D884-2F6D-41C7-9837-E11F74EE21AA}.Release|Any CPU.Build.0 = Release|Any CPU
		{E4C19325-6796-4CF9-8521-15942E329FEF}.Debug|Any CPU.ActiveCfg = Debug|Any CPU
		{E4C19325-6796-4CF9-8521-15942E329FEF}.Debug|Any CPU.Build.0 = Debug|Any CPU
		{E4C19325-6796-4CF9-8521-15942E329FEF}.Release|Any CPU.ActiveCfg = Release|Any CPU
		{E4C19325-6796-4CF9-8521-15942E329FEF}.Release|Any CPU.Build.0 = Release|Any CPU
		{B073F356-9856-4CF9-8050-7F9F4D6EA8C8}.Debug|Any CPU.ActiveCfg = Debug|Any CPU
		{B073F356-9856-4CF9-8050-7F9F4D6EA8C8}.Debug|Any CPU.Build.0 = Debug|Any CPU
		{B073F356-9856-4CF9-8050-7F9F4D6EA8C8}.Release|Any CPU.ActiveCfg = Release|Any CPU
		{B073F356-9856-4CF9-8050-7F9F4D6EA8C8}.Release|Any CPU.Build.0 = Release|Any CPU
	EndGlobalSection
	GlobalSection(SolutionProperties) = preSolution
		HideSolutionNode = FALSE
	EndGlobalSection
	GlobalSection(ExtensibilityGlobals) = postSolution
		SolutionGuid = {AA3B0C25-EDB7-425B-BB0C-0B36AFA1660D}
	EndGlobalSection
EndGlobal
